{
  "name": "tagcloudcode",
  "version": "1.0.0",
  "lockfileVersion": 1,
  "requires": true,
  "dependencies": {
    "bluebird": {
      "version": "3.7.2",
      "resolved": "https://registry.npmjs.org/bluebird/-/bluebird-3.7.2.tgz",
      "integrity": "sha512-XpNj6GDQzdfW+r2Wnn7xiSAd7TM3jzkxGXBGTtWKuSXv1xUV+azxAm8jdWZN06QTQk+2N2XB9jRDkvbmQmcRtg=="
    },
    "tag-cloud": {
      "version": "1.3.3",
      "resolved": "https://registry.npmjs.org/tag-cloud/-/tag-cloud-1.3.3.tgz",
      "integrity": "sha512-QU98yoDE8aAYXPEo99poaTmHnxTKxYW6OW652g7esqNr7Hi+P4MTd9WdbWzMAQ1Fotgo9ClHMWeFO5TJ0D4A4A==",
      "requires": {
        "underscore": "1.13.2"
      }
    },
    "underscore": {
      "version": "1.13.2",
      "resolved": "https://registry.npmjs.org/underscore/-/underscore-1.13.2.tgz",
      "integrity": "sha512-ekY1NhRzq0B08g4bGuX4wd2jZx5GnKz6mKSqFL4nqBlfyMGiG10gDFhDTMEfYmDL6Jy0FUIZp7wiRB+0BP7J2g=="
    }
  }
}
